
Microsoft Visual Studio Solution File, Format Version 12.00
# Visual Studio Version 17
VisualStudioVersion = 17.11.35327.3
MinimumVisualStudioVersion = 10.0.40219.1
Project("{9A19103F-16F7-4668-BE54-9A1E7A4F7556}") = "HotelSystem.Api", "HotelSystem.Api.csproj", "{3DB8BC15-92AF-4669-ACF7-38EA6EAF10CF}"
EndProject
Global
	GlobalSection(SolutionConfigurationPlatforms) = preSolution
		Debug|Any CPU = Debug|Any CPU
		Release|Any CPU = Release|Any CPU
	EndGlobalSection
	GlobalSection(ProjectConfigurationPlatforms) = postSolution
		{3DB8BC15-92AF-4669-ACF7-38EA6EAF10CF}.Debug|Any CPU.ActiveCfg = Debug|Any CPU
		{3DB8BC15-92AF-4669-ACF7-38EA6EAF10CF}.Debug|Any CPU.Build.0 = Debug|Any CPU
		{3DB8BC15-92AF-4669-ACF7-38EA6EAF10CF}.Release|Any CPU.ActiveCfg = Release|Any CPU
		{3DB8BC15-92AF-4669-ACF7-38EA6EAF10CF}.Release|Any CPU.Build.0 = Release|Any CPU
	EndGlobalSection
	GlobalSection(SolutionProperties) = preSolution
		HideSolutionNode = FALSE
	EndGlobalSection
	GlobalSection(ExtensibilityGlobals) = postSolution
		SolutionGuid = {229A5279-2D11-4240-8E8B-DE1406A379D2}
	EndGlobalSection
EndGlobal
